<?xml version="1.0" encoding="utf-8"?>
<Project ToolsVersion="4.0" xmlns="http://schemas.microsoft.com/developer/msbuild/2003">
  <ItemGroup>
    <ClCompile Include="App.cpp" />
    <ClCompile Include="Fps.cpp" />
    <ClCompile Include="GameClearScene.cpp" />
    <ClCompile Include="GameOverScene.cpp" />
    <ClCompile Include="Input.cpp" />
    <ClCompile Include="main.cpp" />
    <ClCompile Include="pch.cpp" />
    <ClCompile Include="PlayScene.cpp" />
    <ClCompile Include="SceneManager.cpp" />
    <ClCompile Include="TitleScene.cpp" />
    <ClCompile Include="DebugDraw.cpp" />
    <ClCompile Include="Camera.cpp">
      <Filter>GameObject</Filter>
    </ClCompile>
    <ClCompile Include="GameObject.cpp">
      <Filter>GameObject</Filter>
    </ClCompile>
    <ClCompile Include="Player.cpp">
      <Filter>GameObject</Filter>
    </ClCompile>
    <ClCompile Include="Tomato.cpp">
      <Filter>GameObject</Filter>
    </ClCompile>
  </ItemGroup>
  <ItemGroup>
    <ClInclude Include="App.h" />
    <ClInclude Include="Common.h" />
    <ClInclude Include="Fps.h" />
    <ClInclude Include="GameClearScene.h" />
    <ClInclude Include="GameOverScene.h" />
    <ClInclude Include="Input.h" />
    <ClInclude Include="pch.h" />
    <ClInclude Include="PlayScene.h" />
    <ClInclude Include="Scene.h" />
    <ClInclude Include="SceneManager.h" />
    <ClInclude Include="TitleScene.h" />
    <ClInclude Include="DebugDraw.h" />
    <ClInclude Include="Camera.h">
      <Filter>GameObject</Filter>
    </ClInclude>
    <ClInclude Include="GameObject.h">
      <Filter>GameObject</Filter>
    </ClInclude>
    <ClInclude Include="ObjectTag.h">
      <Filter>GameObject</Filter>
    </ClInclude>
    <ClInclude Include="Player.h">
      <Filter>GameObject</Filter>
    </ClInclude>
    <ClInclude Include="Tomato.h">
      <Filter>GameObject</Filter>
    </ClInclude>
  </ItemGroup>
  <ItemGroup>
    <Filter Include="GameObject">
      <UniqueIdentifier>{8f3a2e92-80fb-496f-9638-f91c4cd2340f}</UniqueIdentifier>
    </Filter>
  </ItemGroup>
</Project>