<?xml version="1.0" encoding="utf-8"?>
<Project ToolsVersion="4.0" xmlns="http://schemas.microsoft.com/developer/msbuild/2003">
  <ItemGroup>
    <ClCompile Include="App.cpp" />
    <ClCompile Include="Camera.cpp" />
    <ClCompile Include="Collider.cpp" />
    <ClCompile Include="DebugDraw.cpp" />
    <ClCompile Include="Effect.cpp" />
    <ClCompile Include="Enemy.cpp" />
    <ClCompile Include="Fps.cpp" />
    <ClCompile Include="GameClearScene.cpp" />
    <ClCompile Include="GameObject.cpp" />
    <ClCompile Include="GameOverScene.cpp" />
    <ClCompile Include="Human.cpp" />
    <ClCompile Include="Image.cpp" />
    <ClCompile Include="Ground.cpp" />
    <ClCompile Include="Input.cpp" />
    <ClCompile Include="main.cpp" />
    <ClCompile Include="Map.cpp" />
    <ClCompile Include="ModelManager.cpp" />
    <ClCompile Include="pch.cpp" />
    <ClCompile Include="Player.cpp" />
    <ClCompile Include="PlayScene.cpp" />
    <ClCompile Include="Projector.cpp" />
    <ClCompile Include="RapidJson.cpp" />
    <ClCompile Include="ResultScene.cpp" />
    <ClCompile Include="SceneManager.cpp" />
    <ClCompile Include="Score.cpp" />
    <ClCompile Include="ScoreUIController.cpp" />
    <ClCompile Include="StaticHuman.cpp" />
    <ClCompile Include="TimeCount.cpp" />
    <ClCompile Include="TimeUIController.cpp" />
    <ClCompile Include="TitleScene.cpp" />
    <ClCompile Include="Tomato.cpp" />
    <ClCompile Include="TomatoUIContoroller.cpp" />
    <ClCompile Include="TomatoWall.cpp" />
    <ClCompile Include="SkyDome.cpp" />
  </ItemGroup>
  <ItemGroup>
    <ClInclude Include="App.h" />
    <ClInclude Include="Camera.h" />
    <ClInclude Include="Collider.h" />
    <ClInclude Include="Common.h" />
    <ClInclude Include="Component.h" />
    <ClInclude Include="DebugDraw.h" />
    <ClInclude Include="Effect.h" />
    <ClInclude Include="Enemy.h" />
    <ClInclude Include="Fps.h" />
    <ClInclude Include="GameClearScene.h" />
    <ClInclude Include="GameObject.h" />
    <ClInclude Include="GameOverScene.h" />
    <ClInclude Include="Human.h" />
    <ClInclude Include="Image.h" />
    <ClInclude Include="Ground.h" />
    <ClInclude Include="Input.h" />
    <ClInclude Include="Map.h" />
    <ClInclude Include="ModelManager.h" />
    <ClInclude Include="Object.h" />
    <ClInclude Include="ObjectTag.h" />
    <ClInclude Include="pch.h" />
    <ClInclude Include="Player.h" />
    <ClInclude Include="PlayScene.h" />
    <ClInclude Include="Projector.h" />
    <ClInclude Include="RapidJson.h" />
    <ClInclude Include="ResultScene.h" />
    <ClInclude Include="Scene.h" />
    <ClInclude Include="SceneManager.h" />
    <ClInclude Include="Score.h" />
    <ClInclude Include="ScoreUIController.h" />
    <ClInclude Include="StaticHuman.h" />
    <ClInclude Include="Tag.h" />
    <ClInclude Include="TimeCount.h" />
    <ClInclude Include="TimeUIController.h" />
    <ClInclude Include="TitleScene.h" />
    <ClInclude Include="Tomato.h" />
    <ClInclude Include="TomatoUIContoroller.h" />
    <ClInclude Include="TomatoWall.h" />
    <ClInclude Include="Transform.h" />
    <ClInclude Include="SkyDome.h" />
  </ItemGroup>
</Project>